// !$*UTF8*$!
{
	archiveVersion = 1;
	classes = {
	};
	objectVersion = 77;
	objects = {

/* Begin PBXBuildFile section */
		01EF8804262A950A081F1E65 /* OpponentProfile.swift in Sources */ = {isa = PBXBuildFile; fileRef = 85B6069622A8A50F3F60184A /* OpponentProfile.swift */; };
		026232B4459AF297E5949F67 /* NewGameEndToEndTests.swift in Sources */ = {isa = PBXBuildFile; fileRef = D04CF1402F3DF884C2B45746 /* NewGameEndToEndTests.swift */; };
		076DBD0E74CFC2372A8A8AA9 /* GameViewModel.swift in Sources */ = {isa = PBXBuildFile; fileRef = B0A975D333BC9759A83497B5 /* GameViewModel.swift */; };
		08572217A242A44981A040EB /* SavedGameAvailability.swift in Sources */ = {isa = PBXBuildFile; fileRef = 1E21004FB7C5F5948BEC71A9 /* SavedGameAvailability.swift */; };
		0BBF451A08F935DC2BB22743 /* TileView.swift in Sources */ = {isa = PBXBuildFile; fileRef = EC9BE64D33337CB59DE2D79D /* TileView.swift */; };
		0C001867D26CBDBAA67CDC72 /* BoardLayeringTests.swift in Sources */ = {isa = PBXBuildFile; fileRef = 56E4A8873ADD3D6574E7A3D3 /* BoardLayeringTests.swift */; };
		0F1C7F5ED5E32E95D4FDE581 /* OpponentProfileTests.swift in Sources */ = {isa = PBXBuildFile; fileRef = 4871E5E296438809020C5BFD /* OpponentProfileTests.swift */; };
		17B209D17F882202517AC5D8 /* BoardChips.swift in Sources */ = {isa = PBXBuildFile; fileRef = 64B237C01DFEE60CA454FFCB /* BoardChips.swift */; };
		1B2E8933650EFB5E3A65F60D /* PlayerNameStore.swift in Sources */ = {isa = PBXBuildFile; fileRef = A7D42223DB45BEF77F97D3F6 /* PlayerNameStore.swift */; };
		1CE9F2891BE97F0B0CC630BB /* EndGameView.swift in Sources */ = {isa = PBXBuildFile; fileRef = 52C0B1D44B650E22AEBC8366 /* EndGameView.swift */; };
		1D2F66F3FE62DEFCBDD373E2 /* GameLogStoreTests.swift in Sources */ = {isa = PBXBuildFile; fileRef = 50C4CFF8E5798600294998A8 /* GameLogStoreTests.swift */; };
		232A932B1BF064663A7161C3 /* CivilizationMappingTests.swift in Sources */ = {isa = PBXBuildFile; fileRef = B98093256E41FC724D7E6C36 /* CivilizationMappingTests.swift */; };
		2351A47641190EB4F53F128E /* CheckpointMigrationTests.swift in Sources */ = {isa = PBXBuildFile; fileRef = DBA8BCB46AF42E87EB22D98E /* CheckpointMigrationTests.swift */; };
		243CAFAAB0A24DF9C30ABFF7 /* CompleteMatchTests.swift in Sources */ = {isa = PBXBuildFile; fileRef = 5281B8CED614C244F7E533EE /* CompleteMatchTests.swift */; };
		2963FFF4A45E734FACE3E93A /* DiscardPopupView.swift in Sources */ = {isa = PBXBuildFile; fileRef = 64A459436E4814B4E4BE3728 /* DiscardPopupView.swift */; };
		2C2BEEF3E6CDB8BA9E3DCD3B /* CheckpointProcessProbe.swift in Sources */ = {isa = PBXBuildFile; fileRef = C1BD3E13799BE187AEB0F4E6 /* CheckpointProcessProbe.swift */; };
		2CC361595DA16ED4B8153B23 /* CivilizationAssignmentStore.swift in Sources */ = {isa = PBXBuildFile; fileRef = C112C5D5A27EC971416706D0 /* CivilizationAssignmentStore.swift */; };
		2D421855CBD3F4FB9CC6B077 /* InGameSettingsFlowTests.swift in Sources */ = {isa = PBXBuildFile; fileRef = 7A425B1FE3B37FECA7840481 /* InGameSettingsFlowTests.swift */; };
		2E5F92427B07DC72628BAD38 /* CatanEngine in Frameworks */ = {isa = PBXBuildFile; productRef = EF131C34CF36EF855DAF17D0 /* CatanEngine */; };
		35341D68F2859E467628A0CC /* MatchSetup.swift in Sources */ = {isa = PBXBuildFile; fileRef = AF68AEB9AD0DD219D7E84E99 /* MatchSetup.swift */; };
		38C27CDC3380AB32A2AA53C6 /* CivilizationSettingsStore.swift in Sources */ = {isa = PBXBuildFile; fileRef = 5C25923598FA6B7BCAF62C5A /* CivilizationSettingsStore.swift */; };
		3B62B3E810E58200F2983839 /* CatanTheme.swift in Sources */ = {isa = PBXBuildFile; fileRef = 4B89EE635B1E470682ED1D4B /* CatanTheme.swift */; };
		3DB00133F0A18C5A4E8710E7 /* DevCardStyle.swift in Sources */ = {isa = PBXBuildFile; fileRef = A3E45A27E8D8AA6CC2D8717A /* DevCardStyle.swift */; };
		3F438AED3E4BED126FEC2153 /* GameViewModel+Recovery.swift in Sources */ = {isa = PBXBuildFile; fileRef = 8DDA700575394DF91917C2EE /* GameViewModel+Recovery.swift */; };
		434C2E6A7C5F23148D5810A7 /* SaveRecoveryTests.swift in Sources */ = {isa = PBXBuildFile; fileRef = BB62855B09E0A68CD8B97889 /* SaveRecoveryTests.swift */; };
		49B07B4241AC2D9627186F1A /* InGameSettingsView.swift in Sources */ = {isa = PBXBuildFile; fileRef = C34E239F6C210A9578B2BF3B /* InGameSettingsView.swift */; };
		4B7A4365E5DA00917A7E06FF /* GameLogStore.swift in Sources */ = {isa = PBXBuildFile; fileRef = 494D7E69889970F3FA1C24AB /* GameLogStore.swift */; };
		4DF1B0D807C52C188BCD9DC8 /* HumanSeatStore.swift in Sources */ = {isa = PBXBuildFile; fileRef = 34F357D5B05179379CDC1EF1 /* HumanSeatStore.swift */; };
		4EAF11010AEF6B6B6C568A37 /* HandoffCoverView.swift in Sources */ = {isa = PBXBuildFile; fileRef = E8250AED471D490CB43122ED /* HandoffCoverView.swift */; };
		5754F9C1356C779A5553C1BD /* Assets.xcassets in Resources */ = {isa = PBXBuildFile; fileRef = AAE31202C59C388953152F18 /* Assets.xcassets */; };
		57EA5B6AC6CBD8DF633CAEC0 /* PacingPreferences.swift in Sources */ = {isa = PBXBuildFile; fileRef = 1F6B7C1967EDFFBBD8873DAC /* PacingPreferences.swift */; };
		58CF19E0BF339B5D32B7D233 /* PreMergeAuditRegressionTests.swift in Sources */ = {isa = PBXBuildFile; fileRef = 11D7DF8A5B6CAC4647065878 /* PreMergeAuditRegressionTests.swift */; };
		59EC0F6616F1257C0CD7A951 /* MatchCheckpointStore.swift in Sources */ = {isa = PBXBuildFile; fileRef = A91C26F52123725EF8FFF41C /* MatchCheckpointStore.swift */; };
		5A3814A3A6D971002FE6368B /* CatanAI in Frameworks */ = {isa = PBXBuildFile; productRef = 86D26250D0551805B74D0B0B /* CatanAI */; };
		5FD5B98FFB1669F9BE80F1DC /* PaintedChromeBackground.swift in Sources */ = {isa = PBXBuildFile; fileRef = 44E440B9CD11BDC249491106 /* PaintedChromeBackground.swift */; };
		6550ED481CBA2A0062722CCD /* NewGameSetupView.swift in Sources */ = {isa = PBXBuildFile; fileRef = 3A2D1519676D42C401001336 /* NewGameSetupView.swift */; };
		6798387887C595D067060FFD /* MatchCheckpointMigration.swift in Sources */ = {isa = PBXBuildFile; fileRef = 82B3789736E74EC7C38C0C27 /* MatchCheckpointMigration.swift */; };
		687BD8586D01E4597A1C7A32 /* BoardView.swift in Sources */ = {isa = PBXBuildFile; fileRef = E89E14D5D0ACBB92DF7729B3 /* BoardView.swift */; };
		698F2E8917D7405D7AAC8061 /* NewGameSetupTests.swift in Sources */ = {isa = PBXBuildFile; fileRef = A28295223E4575E24BB3C67E /* NewGameSetupTests.swift */; };
		6BE4D5162E62A51ADA6A2599 /* GameStore.swift in Sources */ = {isa = PBXBuildFile; fileRef = E093DA361796607C17A17777 /* GameStore.swift */; };
		6E9E65ED3AD9879E2B45C6D6 /* MainMenuFlowTests.swift in Sources */ = {isa = PBXBuildFile; fileRef = D9B3F03CB1B60C2FDB672854 /* MainMenuFlowTests.swift */; };
		6FB745378D21899B29284FC8 /* AppSettingsTests.swift in Sources */ = {isa = PBXBuildFile; fileRef = B8A660BA455654D7EF99604A /* AppSettingsTests.swift */; };
		717C7599DB05DB7CF59E852F /* CivilizationPieceShapes.swift in Sources */ = {isa = PBXBuildFile; fileRef = 0AC74C3A12A7CDE5AE1B1546 /* CivilizationPieceShapes.swift */; };
		71E36B2F286888830989FBC7 /* MainMenuView.swift in Sources */ = {isa = PBXBuildFile; fileRef = 27BDAD47ABBB94D7F73976E5 /* MainMenuView.swift */; };
		73E0287081669C06B076C233 /* GoldRowButton.swift in Sources */ = {isa = PBXBuildFile; fileRef = 773974AAADA7CAFE9AC538F0 /* GoldRowButton.swift */; };
		7678F2D966C6DDD39D673266 /* IncomingTradeCardView.swift in Sources */ = {isa = PBXBuildFile; fileRef = F34A579755CFBDEAF52EBB70 /* IncomingTradeCardView.swift */; };
		7BDC46C7A08FF9DD3B032B36 /* CornerAccent.swift in Sources */ = {isa = PBXBuildFile; fileRef = 6704DBBD9FA192F71D8ED7D3 /* CornerAccent.swift */; };
		82772E4A5ECBA817A966B46B /* GameView.swift in Sources */ = {isa = PBXBuildFile; fileRef = 6F0C19DF5E22050B860A7094 /* GameView.swift */; };
		82F087D94201BDEDFBBB4BA8 /* CivilizationBadge.swift in Sources */ = {isa = PBXBuildFile; fileRef = 8E616D996C5EBA2DBFC75D9D /* CivilizationBadge.swift */; };
		83C2D6F2A6B7F67093D579CB /* AccessibilityID.swift in Sources */ = {isa = PBXBuildFile; fileRef = 2FA5615D7AB20666AEB04B43 /* AccessibilityID.swift */; };
		88CF824C3335F34CF54E08E2 /* PlayerHUDView.swift in Sources */ = {isa = PBXBuildFile; fileRef = 77BA2122016739392CF5DF22 /* PlayerHUDView.swift */; };
		895E3168C84B21B63AD67E4E /* SettingsChrome.swift in Sources */ = {isa = PBXBuildFile; fileRef = 8BC4427BD3E30FD0F5F9E9CC /* SettingsChrome.swift */; };
		8F8382E69A373BB264240262 /* PersistenceTests.swift in Sources */ = {isa = PBXBuildFile; fileRef = 68A4D0016F665BB8F904F4DD /* PersistenceTests.swift */; };
		982B80C1DDE6B39264765604 /* ResourceChip.swift in Sources */ = {isa = PBXBuildFile; fileRef = BF75252617AEEC3F4190D703 /* ResourceChip.swift */; };
		98B3554C6CC7406230B6569A /* CivilizationPickerPopup.swift in Sources */ = {isa = PBXBuildFile; fileRef = B2A0891F71DC44CCE94EEE19 /* CivilizationPickerPopup.swift */; };
		98BA6BD782CD84C83F73A13D /* GameViewModel+OpponentProfiles.swift in Sources */ = {isa = PBXBuildFile; fileRef = ACBC9F02C56C7D94404C8B98 /* GameViewModel+OpponentProfiles.swift */; };
		998F740F246A9D43D5465A2E /* DevCardPopupView.swift in Sources */ = {isa = PBXBuildFile; fileRef = 06E9063445AF048FF3A65C5A /* DevCardPopupView.swift */; };
		9BAEB85A2B5C4ABDD88D14F3 /* UniformActionButton.swift in Sources */ = {isa = PBXBuildFile; fileRef = B9E07877542F256DEA51B11B /* UniformActionButton.swift */; };
		9C6AB72E4AC52714E00EDD3A /* TopChipHeightKey.swift in Sources */ = {isa = PBXBuildFile; fileRef = AFE46EFA5240D8C313A1994C /* TopChipHeightKey.swift */; };
		9D2C2CFA8309AE51A7322BB1 /* PacingPreferencesTests.swift in Sources */ = {isa = PBXBuildFile; fileRef = 859E263A00119BF52F19D867 /* PacingPreferencesTests.swift */; };
		A0509BA422B4A4CCC2E73976 /* SeatCardView.swift in Sources */ = {isa = PBXBuildFile; fileRef = 7B3D502345F41546FE4903CE /* SeatCardView.swift */; };
		A61AF82693BF86DFF2883096 /* HotSeatTests.swift in Sources */ = {isa = PBXBuildFile; fileRef = 00588364F7AD8B7D5AF440EA /* HotSeatTests.swift */; };
		AA5F82F23D1E9E98AC20C58E /* SettingsView.swift in Sources */ = {isa = PBXBuildFile; fileRef = B1B782178D710BCD61E1E4ED /* SettingsView.swift */; };
		AA96483ED82E09AF4488D6CB /* .swiftlint.yml in Resources */ = {isa = PBXBuildFile; fileRef = 26C8E728C5FF85E8400CFE1A /* .swiftlint.yml */; };
		AF899EB36C3533A4C9F0472D /* HexGeometry.swift in Sources */ = {isa = PBXBuildFile; fileRef = 7581395190BC539D01AEA19A /* HexGeometry.swift */; };
		AFE5AF1DD01C4ED5F64A92D5 /* MatchPersistenceTransaction.swift in Sources */ = {isa = PBXBuildFile; fileRef = 68F460B80CB6CE897A077356 /* MatchPersistenceTransaction.swift */; };
		B6FC9BE50ABFF3D68CF98B29 /* SettlersApp.swift in Sources */ = {isa = PBXBuildFile; fileRef = 8164AC90317469202817676F /* SettlersApp.swift */; };
		BC78EDCB2E4661BF7A5AA715 /* SaveRecoveryFlowTests.swift in Sources */ = {isa = PBXBuildFile; fileRef = C267D2BD50E26FCD707474EF /* SaveRecoveryFlowTests.swift */; };
		BD0B5D0BC26E3BE5C8A462FD /* BuildPopupView.swift in Sources */ = {isa = PBXBuildFile; fileRef = DDF1F85E001A7B74407061E4 /* BuildPopupView.swift */; };
		C834783EE1638B259EFA3035 /* MatchCheckpointStoreTests.swift in Sources */ = {isa = PBXBuildFile; fileRef = FDDC6BE523633D50F2BBE0CF /* MatchCheckpointStoreTests.swift */; };
		C8EBD90EAF2F47466F8B5A2C /* ContentView.swift in Sources */ = {isa = PBXBuildFile; fileRef = CB7D94876E201553696FE24C /* ContentView.swift */; };
		CB58570AE806ACE6BFC462C1 /* TradePopupView.swift in Sources */ = {isa = PBXBuildFile; fileRef = 5DA573A3A82A8F2F109FA437 /* TradePopupView.swift */; };
		D16CC8C90FB7F755636F3397 /* GameStatsStore.swift in Sources */ = {isa = PBXBuildFile; fileRef = 16777953197BE2BC34CCFE6B /* GameStatsStore.swift */; };
		DBA70E71EA1FD506BEBF2C4A /* Civilization.swift in Sources */ = {isa = PBXBuildFile; fileRef = C47D8E51CEBC82766DDDF936 /* Civilization.swift */; };
		DC62266DFBF7B3987969DA87 /* IncomingOfferHoldTests.swift in Sources */ = {isa = PBXBuildFile; fileRef = 6BF5BC6D6577182E9829230A /* IncomingOfferHoldTests.swift */; };
		E3A6D0C733055C91F0E356FE /* BoardFitTests.swift in Sources */ = {isa = PBXBuildFile; fileRef = 7A53ECD05D7E8073C7BEDC19 /* BoardFitTests.swift */; };
		E47E806640E19E4105F9FEDF /* UITestBootstrap.swift in Sources */ = {isa = PBXBuildFile; fileRef = 5CF7C06392E2A4F1B15C8411 /* UITestBootstrap.swift */; };
		E943B06519C318DFE4BD613E /* TradePresentationState.swift in Sources */ = {isa = PBXBuildFile; fileRef = D64CA86D7B5FE711AD994243 /* TradePresentationState.swift */; };
		EA3F8948081A29B415CD8B67 /* QALaunchFlag.swift in Sources */ = {isa = PBXBuildFile; fileRef = 59A80CE9867E891B09A3F0E5 /* QALaunchFlag.swift */; };
		ED932E191F8F655CD1CF15F1 /* GameLogListView.swift in Sources */ = {isa = PBXBuildFile; fileRef = D98DF10D73632B7243DC205C /* GameLogListView.swift */; };
		EDDC6F3EE75F97F9C0A3A1CA /* GameplayBoundaryFlowTests.swift in Sources */ = {isa = PBXBuildFile; fileRef = 95CF01E3C9518CFFC7C0AF1F /* GameplayBoundaryFlowTests.swift */; };
		F196BA189817672BCD58FBA7 /* GameViewModel+QATrade.swift in Sources */ = {isa = PBXBuildFile; fileRef = 7E281605A981DE27D853BE66 /* GameViewModel+QATrade.swift */; };
		FA9E6540100EF009A969A54A /* OpponentProfileIntegrationTests.swift in Sources */ = {isa = PBXBuildFile; fileRef = 52A8BE17AC12F2C0246905CE /* OpponentProfileIntegrationTests.swift */; };
		FF9AA750533D6758843BC13D /* GameLogDetailView.swift in Sources */ = {isa = PBXBuildFile; fileRef = E93C9C15AFA0812F0FF8E052 /* GameLogDetailView.swift */; };
/* End PBXBuildFile section */

/* Begin PBXContainerItemProxy section */
		6B990E129414C2E5A688580D /* PBXContainerItemProxy */ = {
			isa = PBXContainerItemProxy;
			containerPortal = 843BBB737789D565041C43F7 /* Project object */;
			proxyType = 1;
			remoteGlobalIDString = E5FEB50E6F076B965B326021;
			remoteInfo = Settlers;
		};
		921CF9C5D2AF27EDFA736694 /* PBXContainerItemProxy */ = {
			isa = PBXContainerItemProxy;
			containerPortal = 843BBB737789D565041C43F7 /* Project object */;
			proxyType = 1;
			remoteGlobalIDString = E5FEB50E6F076B965B326021;
			remoteInfo = Settlers;
		};
/* End PBXContainerItemProxy section */

/* Begin PBXFileReference section */
		00588364F7AD8B7D5AF440EA /* HotSeatTests.swift */ = {isa = PBXFileReference; lastKnownFileType = sourcecode.swift; path = HotSeatTests.swift; sourceTree = "<group>"; };
		06E9063445AF048FF3A65C5A /* DevCardPopupView.swift */ = {isa = PBXFileReference; lastKnownFileType = sourcecode.swift; path = DevCardPopupView.swift; sourceTree = "<group>"; };
		0AC74C3A12A7CDE5AE1B1546 /* CivilizationPieceShapes.swift */ = {isa = PBXFileReference; lastKnownFileType = sourcecode.swift; path = CivilizationPieceShapes.swift; sourceTree = "<group>"; };
		11D7DF8A5B6CAC4647065878 /* PreMergeAuditRegressionTests.swift */ = {isa = PBXFileReference; lastKnownFileType = sourcecode.swift; path = PreMergeAuditRegressionTests.swift; sourceTree = "<group>"; };
		16777953197BE2BC34CCFE6B /* GameStatsStore.swift */ = {isa = PBXFileReference; lastKnownFileType = sourcecode.swift; path = GameStatsStore.swift; sourceTree = "<group>"; };
		1E21004FB7C5F5948BEC71A9 /* SavedGameAvailability.swift */ = {isa = PBXFileReference; lastKnownFileType = sourcecode.swift; path = SavedGameAvailability.swift; sourceTree = "<group>"; };
		1F6B7C1967EDFFBBD8873DAC /* PacingPreferences.swift */ = {isa = PBXFileReference; lastKnownFileType = sourcecode.swift; path = PacingPreferences.swift; sourceTree = "<group>"; };
		20950E57920F7E96A1DFB2F1 /* Signing.local.xcconfig */ = {isa = PBXFileReference; lastKnownFileType = text.xcconfig; path = Signing.local.xcconfig; sourceTree = "<group>"; };
		26C8E728C5FF85E8400CFE1A /* .swiftlint.yml */ = {isa = PBXFileReference; lastKnownFileType = text.yaml; path = .swiftlint.yml; sourceTree = "<group>"; };
		27BDAD47ABBB94D7F73976E5 /* MainMenuView.swift */ = {isa = PBXFileReference; lastKnownFileType = sourcecode.swift; path = MainMenuView.swift; sourceTree = "<group>"; };
		2FA5615D7AB20666AEB04B43 /* AccessibilityID.swift */ = {isa = PBXFileReference; lastKnownFileType = sourcecode.swift; path = AccessibilityID.swift; sourceTree = "<group>"; };
		34F357D5B05179379CDC1EF1 /* HumanSeatStore.swift */ = {isa = PBXFileReference; lastKnownFileType = sourcecode.swift; path = HumanSeatStore.swift; sourceTree = "<group>"; };
		3A2D1519676D42C401001336 /* NewGameSetupView.swift */ = {isa = PBXFileReference; lastKnownFileType = sourcecode.swift; path = NewGameSetupView.swift; sourceTree = "<group>"; };
		44E440B9CD11BDC249491106 /* PaintedChromeBackground.swift */ = {isa = PBXFileReference; lastKnownFileType = sourcecode.swift; path = PaintedChromeBackground.swift; sourceTree = "<group>"; };
		4871E5E296438809020C5BFD /* OpponentProfileTests.swift */ = {isa = PBXFileReference; lastKnownFileType = sourcecode.swift; path = OpponentProfileTests.swift; sourceTree = "<group>"; };
		494D7E69889970F3FA1C24AB /* GameLogStore.swift */ = {isa = PBXFileReference; lastKnownFileType = sourcecode.swift; path = GameLogStore.swift; sourceTree = "<group>"; };
		4B89EE635B1E470682ED1D4B /* CatanTheme.swift */ = {isa = PBXFileReference; lastKnownFileType = sourcecode.swift; path = CatanTheme.swift; sourceTree = "<group>"; };
		50C4CFF8E5798600294998A8 /* GameLogStoreTests.swift */ = {isa = PBXFileReference; lastKnownFileType = sourcecode.swift; path = GameLogStoreTests.swift; sourceTree = "<group>"; };
		5281B8CED614C244F7E533EE /* CompleteMatchTests.swift */ = {isa = PBXFileReference; lastKnownFileType = sourcecode.swift; path = CompleteMatchTests.swift; sourceTree = "<group>"; };
		52A8BE17AC12F2C0246905CE /* OpponentProfileIntegrationTests.swift */ = {isa = PBXFileReference; lastKnownFileType = sourcecode.swift; path = OpponentProfileIntegrationTests.swift; sourceTree = "<group>"; };
		52C0B1D44B650E22AEBC8366 /* EndGameView.swift */ = {isa = PBXFileReference; lastKnownFileType = sourcecode.swift; path = EndGameView.swift; sourceTree = "<group>"; };
		56E4A8873ADD3D6574E7A3D3 /* BoardLayeringTests.swift */ = {isa = PBXFileReference; lastKnownFileType = sourcecode.swift; path = BoardLayeringTests.swift; sourceTree = "<group>"; };
		59A80CE9867E891B09A3F0E5 /* QALaunchFlag.swift */ = {isa = PBXFileReference; lastKnownFileType = sourcecode.swift; path = QALaunchFlag.swift; sourceTree = "<group>"; };
		5C25923598FA6B7BCAF62C5A /* CivilizationSettingsStore.swift */ = {isa = PBXFileReference; lastKnownFileType = sourcecode.swift; path = CivilizationSettingsStore.swift; sourceTree = "<group>"; };
		5CF7C06392E2A4F1B15C8411 /* UITestBootstrap.swift */ = {isa = PBXFileReference; lastKnownFileType = sourcecode.swift; path = UITestBootstrap.swift; sourceTree = "<group>"; };
		5DA573A3A82A8F2F109FA437 /* TradePopupView.swift */ = {isa = PBXFileReference; lastKnownFileType = sourcecode.swift; path = TradePopupView.swift; sourceTree = "<group>"; };
		64A459436E4814B4E4BE3728 /* DiscardPopupView.swift */ = {isa = PBXFileReference; lastKnownFileType = sourcecode.swift; path = DiscardPopupView.swift; sourceTree = "<group>"; };
		64B237C01DFEE60CA454FFCB /* BoardChips.swift */ = {isa = PBXFileReference; lastKnownFileType = sourcecode.swift; path = BoardChips.swift; sourceTree = "<group>"; };
		6704DBBD9FA192F71D8ED7D3 /* CornerAccent.swift */ = {isa = PBXFileReference; lastKnownFileType = sourcecode.swift; path = CornerAccent.swift; sourceTree = "<group>"; };
		68A4D0016F665BB8F904F4DD /* PersistenceTests.swift */ = {isa = PBXFileReference; lastKnownFileType = sourcecode.swift; path = PersistenceTests.swift; sourceTree = "<group>"; };
		68F460B80CB6CE897A077356 /* MatchPersistenceTransaction.swift */ = {isa = PBXFileReference; lastKnownFileType = sourcecode.swift; path = MatchPersistenceTransaction.swift; sourceTree = "<group>"; };
		6BF5BC6D6577182E9829230A /* IncomingOfferHoldTests.swift */ = {isa = PBXFileReference; lastKnownFileType = sourcecode.swift; path = IncomingOfferHoldTests.swift; sourceTree = "<group>"; };
		6F0C19DF5E22050B860A7094 /* GameView.swift */ = {isa = PBXFileReference; lastKnownFileType = sourcecode.swift; path = GameView.swift; sourceTree = "<group>"; };
		7581395190BC539D01AEA19A /* HexGeometry.swift */ = {isa = PBXFileReference; lastKnownFileType = sourcecode.swift; path = HexGeometry.swift; sourceTree = "<group>"; };
		773974AAADA7CAFE9AC538F0 /* GoldRowButton.swift */ = {isa = PBXFileReference; lastKnownFileType = sourcecode.swift; path = GoldRowButton.swift; sourceTree = "<group>"; };
		77BA2122016739392CF5DF22 /* PlayerHUDView.swift */ = {isa = PBXFileReference; lastKnownFileType = sourcecode.swift; path = PlayerHUDView.swift; sourceTree = "<group>"; };
		7A425B1FE3B37FECA7840481 /* InGameSettingsFlowTests.swift */ = {isa = PBXFileReference; lastKnownFileType = sourcecode.swift; path = InGameSettingsFlowTests.swift; sourceTree = "<group>"; };
		7A53ECD05D7E8073C7BEDC19 /* BoardFitTests.swift */ = {isa = PBXFileReference; lastKnownFileType = sourcecode.swift; path = BoardFitTests.swift; sourceTree = "<group>"; };
		7B3D502345F41546FE4903CE /* SeatCardView.swift */ = {isa = PBXFileReference; lastKnownFileType = sourcecode.swift; path = SeatCardView.swift; sourceTree = "<group>"; };
		7E281605A981DE27D853BE66 /* GameViewModel+QATrade.swift */ = {isa = PBXFileReference; lastKnownFileType = sourcecode.swift; path = "GameViewModel+QATrade.swift"; sourceTree = "<group>"; };
		8164AC90317469202817676F /* SettlersApp.swift */ = {isa = PBXFileReference; lastKnownFileType = sourcecode.swift; path = SettlersApp.swift; sourceTree = "<group>"; };
		82B3789736E74EC7C38C0C27 /* MatchCheckpointMigration.swift */ = {isa = PBXFileReference; lastKnownFileType = sourcecode.swift; path = MatchCheckpointMigration.swift; sourceTree = "<group>"; };
		859E263A00119BF52F19D867 /* PacingPreferencesTests.swift */ = {isa = PBXFileReference; lastKnownFileType = sourcecode.swift; path = PacingPreferencesTests.swift; sourceTree = "<group>"; };
		85B6069622A8A50F3F60184A /* OpponentProfile.swift */ = {isa = PBXFileReference; lastKnownFileType = sourcecode.swift; path = OpponentProfile.swift; sourceTree = "<group>"; };
		8BC4427BD3E30FD0F5F9E9CC /* SettingsChrome.swift */ = {isa = PBXFileReference; lastKnownFileType = sourcecode.swift; path = SettingsChrome.swift; sourceTree = "<group>"; };
		8DDA700575394DF91917C2EE /* GameViewModel+Recovery.swift */ = {isa = PBXFileReference; lastKnownFileType = sourcecode.swift; path = "GameViewModel+Recovery.swift"; sourceTree = "<group>"; };
		8E616D996C5EBA2DBFC75D9D /* CivilizationBadge.swift */ = {isa = PBXFileReference; lastKnownFileType = sourcecode.swift; path = CivilizationBadge.swift; sourceTree = "<group>"; };
		95CF01E3C9518CFFC7C0AF1F /* GameplayBoundaryFlowTests.swift */ = {isa = PBXFileReference; lastKnownFileType = sourcecode.swift; path = GameplayBoundaryFlowTests.swift; sourceTree = "<group>"; };
		A28295223E4575E24BB3C67E /* NewGameSetupTests.swift */ = {isa = PBXFileReference; lastKnownFileType = sourcecode.swift; path = NewGameSetupTests.swift; sourceTree = "<group>"; };
		A3E45A27E8D8AA6CC2D8717A /* DevCardStyle.swift */ = {isa = PBXFileReference; lastKnownFileType = sourcecode.swift; path = DevCardStyle.swift; sourceTree = "<group>"; };
		A7D42223DB45BEF77F97D3F6 /* PlayerNameStore.swift */ = {isa = PBXFileReference; lastKnownFileType = sourcecode.swift; path = PlayerNameStore.swift; sourceTree = "<group>"; };
		A91C26F52123725EF8FFF41C /* MatchCheckpointStore.swift */ = {isa = PBXFileReference; lastKnownFileType = sourcecode.swift; path = MatchCheckpointStore.swift; sourceTree = "<group>"; };
		AAE31202C59C388953152F18 /* Assets.xcassets */ = {isa = PBXFileReference; lastKnownFileType = folder.assetcatalog; path = Assets.xcassets; sourceTree = "<group>"; };
		ACBC9F02C56C7D94404C8B98 /* GameViewModel+OpponentProfiles.swift */ = {isa = PBXFileReference; lastKnownFileType = sourcecode.swift; path = "GameViewModel+OpponentProfiles.swift"; sourceTree = "<group>"; };
		AF68AEB9AD0DD219D7E84E99 /* MatchSetup.swift */ = {isa = PBXFileReference; lastKnownFileType = sourcecode.swift; path = MatchSetup.swift; sourceTree = "<group>"; };
		AFE46EFA5240D8C313A1994C /* TopChipHeightKey.swift */ = {isa = PBXFileReference; lastKnownFileType = sourcecode.swift; path = TopChipHeightKey.swift; sourceTree = "<group>"; };
		B0A975D333BC9759A83497B5 /* GameViewModel.swift */ = {isa = PBXFileReference; lastKnownFileType = sourcecode.swift; path = GameViewModel.swift; sourceTree = "<group>"; };
		B1B782178D710BCD61E1E4ED /* SettingsView.swift */ = {isa = PBXFileReference; lastKnownFileType = sourcecode.swift; path = SettingsView.swift; sourceTree = "<group>"; };
		B26D9133BC8A526E79680726 /* SettlersTests.xctest */ = {isa = PBXFileReference; includeInIndex = 0; lastKnownFileType = wrapper.cfbundle; path = SettlersTests.xctest; sourceTree = BUILT_PRODUCTS_DIR; };
		B2A0891F71DC44CCE94EEE19 /* CivilizationPickerPopup.swift */ = {isa = PBXFileReference; lastKnownFileType = sourcecode.swift; path = CivilizationPickerPopup.swift; sourceTree = "<group>"; };
		B5BF359507B1F781FDA749F5 /* Settlers.app */ = {isa = PBXFileReference; includeInIndex = 0; lastKnownFileType = wrapper.application; path = Settlers.app; sourceTree = BUILT_PRODUCTS_DIR; };
		B8A660BA455654D7EF99604A /* AppSettingsTests.swift */ = {isa = PBXFileReference; lastKnownFileType = sourcecode.swift; path = AppSettingsTests.swift; sourceTree = "<group>"; };
		B98093256E41FC724D7E6C36 /* CivilizationMappingTests.swift */ = {isa = PBXFileReference; lastKnownFileType = sourcecode.swift; path = CivilizationMappingTests.swift; sourceTree = "<group>"; };
		B9E07877542F256DEA51B11B /* UniformActionButton.swift */ = {isa = PBXFileReference; lastKnownFileType = sourcecode.swift; path = UniformActionButton.swift; sourceTree = "<group>"; };
		BB62855B09E0A68CD8B97889 /* SaveRecoveryTests.swift */ = {isa = PBXFileReference; lastKnownFileType = sourcecode.swift; path = SaveRecoveryTests.swift; sourceTree = "<group>"; };
		BF75252617AEEC3F4190D703 /* ResourceChip.swift */ = {isa = PBXFileReference; lastKnownFileType = sourcecode.swift; path = ResourceChip.swift; sourceTree = "<group>"; };
		C112C5D5A27EC971416706D0 /* CivilizationAssignmentStore.swift */ = {isa = PBXFileReference; lastKnownFileType = sourcecode.swift; path = CivilizationAssignmentStore.swift; sourceTree = "<group>"; };
		C1BD3E13799BE187AEB0F4E6 /* CheckpointProcessProbe.swift */ = {isa = PBXFileReference; lastKnownFileType = sourcecode.swift; path = CheckpointProcessProbe.swift; sourceTree = "<group>"; };
		C267D2BD50E26FCD707474EF /* SaveRecoveryFlowTests.swift */ = {isa = PBXFileReference; lastKnownFileType = sourcecode.swift; path = SaveRecoveryFlowTests.swift; sourceTree = "<group>"; };
		C34E239F6C210A9578B2BF3B /* InGameSettingsView.swift */ = {isa = PBXFileReference; lastKnownFileType = sourcecode.swift; path = InGameSettingsView.swift; sourceTree = "<group>"; };
		C47D8E51CEBC82766DDDF936 /* Civilization.swift */ = {isa = PBXFileReference; lastKnownFileType = sourcecode.swift; path = Civilization.swift; sourceTree = "<group>"; };
		CB7D94876E201553696FE24C /* ContentView.swift */ = {isa = PBXFileReference; lastKnownFileType = sourcecode.swift; path = ContentView.swift; sourceTree = "<group>"; };
		D04CF1402F3DF884C2B45746 /* NewGameEndToEndTests.swift */ = {isa = PBXFileReference; lastKnownFileType = sourcecode.swift; path = NewGameEndToEndTests.swift; sourceTree = "<group>"; };
		D64CA86D7B5FE711AD994243 /* TradePresentationState.swift */ = {isa = PBXFileReference; lastKnownFileType = sourcecode.swift; path = TradePresentationState.swift; sourceTree = "<group>"; };
		D9213F426A0E166A3E30E84B /* SettlersUITests.xctest */ = {isa = PBXFileReference; includeInIndex = 0; lastKnownFileType = wrapper.cfbundle; path = SettlersUITests.xctest; sourceTree = BUILT_PRODUCTS_DIR; };
		D98DF10D73632B7243DC205C /* GameLogListView.swift */ = {isa = PBXFileReference; lastKnownFileType = sourcecode.swift; path = GameLogListView.swift; sourceTree = "<group>"; };
		D9B3F03CB1B60C2FDB672854 /* MainMenuFlowTests.swift */ = {isa = PBXFileReference; lastKnownFileType = sourcecode.swift; path = MainMenuFlowTests.swift; sourceTree = "<group>"; };
		DBA8BCB46AF42E87EB22D98E /* CheckpointMigrationTests.swift */ = {isa = PBXFileReference; lastKnownFileType = sourcecode.swift; path = CheckpointMigrationTests.swift; sourceTree = "<group>"; };
		DDF1F85E001A7B74407061E4 /* BuildPopupView.swift */ = {isa = PBXFileReference; lastKnownFileType = sourcecode.swift; path = BuildPopupView.swift; sourceTree = "<group>"; };
		E093DA361796607C17A17777 /* GameStore.swift */ = {isa = PBXFileReference; lastKnownFileType = sourcecode.swift; path = GameStore.swift; sourceTree = "<group>"; };
		E674366C1C13D0BBB8CCC2B2 /* Info.plist */ = {isa = PBXFileReference; lastKnownFileType = text.plist; path = Info.plist; sourceTree = "<group>"; };
		E8250AED471D490CB43122ED /* HandoffCoverView.swift */ = {isa = PBXFileReference; lastKnownFileType = sourcecode.swift; path = HandoffCoverView.swift; sourceTree = "<group>"; };
		E89E14D5D0ACBB92DF7729B3 /* BoardView.swift */ = {isa = PBXFileReference; lastKnownFileType = sourcecode.swift; path = BoardView.swift; sourceTree = "<group>"; };
		E93C9C15AFA0812F0FF8E052 /* GameLogDetailView.swift */ = {isa = PBXFileReference; lastKnownFileType = sourcecode.swift; path = GameLogDetailView.swift; sourceTree = "<group>"; };
		EC9BE64D33337CB59DE2D79D /* TileView.swift */ = {isa = PBXFileReference; lastKnownFileType = sourcecode.swift; path = TileView.swift; sourceTree = "<group>"; };
		EED095DCE8ECB10CAA5F77E5 /* Signing.xcconfig */ = {isa = PBXFileReference; lastKnownFileType = text.xcconfig; path = Signing.xcconfig; sourceTree = "<group>"; };
		F34A579755CFBDEAF52EBB70 /* IncomingTradeCardView.swift */ = {isa = PBXFileReference; lastKnownFileType = sourcecode.swift; path = IncomingTradeCardView.swift; sourceTree = "<group>"; };
		F7F6D403F344C1035A2A95F3 /* CatanAI */ = {isa = PBXFileReference; lastKnownFileType = folder; name = CatanAI; path = Packages/CatanAI; sourceTree = SOURCE_ROOT; };
		FDDC6BE523633D50F2BBE0CF /* MatchCheckpointStoreTests.swift */ = {isa = PBXFileReference; lastKnownFileType = sourcecode.swift; path = MatchCheckpointStoreTests.swift; sourceTree = "<group>"; };
		FE0DA5E89A67A40E86345C91 /* CatanEngine */ = {isa = PBXFileReference; lastKnownFileType = folder; name = CatanEngine; path = Packages/CatanEngine; sourceTree = SOURCE_ROOT; };
/* End PBXFileReference section */

/* Begin PBXFrameworksBuildPhase section */
		D61E02DDF2ED7C612350E173 /* Frameworks */ = {
			isa = PBXFrameworksBuildPhase;
			buildActionMask = 2147483647;
			files = (
				2E5F92427B07DC72628BAD38 /* CatanEngine in Frameworks */,
				5A3814A3A6D971002FE6368B /* CatanAI in Frameworks */,
			);
			runOnlyForDeploymentPostprocessing = 0;
		};
/* End PBXFrameworksBuildPhase section */

/* Begin PBXGroup section */
		0587DD85B63DEDA253B6DA0E /* Packages */ = {
			isa = PBXGroup;
			children = (
				F7F6D403F344C1035A2A95F3 /* CatanAI */,
				FE0DA5E89A67A40E86345C91 /* CatanEngine */,
			);
			path = Packages;
			sourceTree = "<group>";
		};
		12298E1496C28B1DFC3AF58D /* SettlersTests */ = {
			isa = PBXGroup;
			children = (
				26C8E728C5FF85E8400CFE1A /* .swiftlint.yml */,
				B8A660BA455654D7EF99604A /* AppSettingsTests.swift */,
				7A53ECD05D7E8073C7BEDC19 /* BoardFitTests.swift */,
				56E4A8873ADD3D6574E7A3D3 /* BoardLayeringTests.swift */,
				DBA8BCB46AF42E87EB22D98E /* CheckpointMigrationTests.swift */,
				B98093256E41FC724D7E6C36 /* CivilizationMappingTests.swift */,
				5281B8CED614C244F7E533EE /* CompleteMatchTests.swift */,
				50C4CFF8E5798600294998A8 /* GameLogStoreTests.swift */,
				00588364F7AD8B7D5AF440EA /* HotSeatTests.swift */,
				6BF5BC6D6577182E9829230A /* IncomingOfferHoldTests.swift */,
				FDDC6BE523633D50F2BBE0CF /* MatchCheckpointStoreTests.swift */,
				D04CF1402F3DF884C2B45746 /* NewGameEndToEndTests.swift */,
				A28295223E4575E24BB3C67E /* NewGameSetupTests.swift */,
				52A8BE17AC12F2C0246905CE /* OpponentProfileIntegrationTests.swift */,
				4871E5E296438809020C5BFD /* OpponentProfileTests.swift */,
				859E263A00119BF52F19D867 /* PacingPreferencesTests.swift */,
				68A4D0016F665BB8F904F4DD /* PersistenceTests.swift */,
				11D7DF8A5B6CAC4647065878 /* PreMergeAuditRegressionTests.swift */,
				BB62855B09E0A68CD8B97889 /* SaveRecoveryTests.swift */,
			);
			path = SettlersTests;
			sourceTree = "<group>";
		};
		2013A564B753C0ACAC1FC5E1 /* Settlers */ = {
			isa = PBXGroup;
			children = (
				AAE31202C59C388953152F18 /* Assets.xcassets */,
				CB7D94876E201553696FE24C /* ContentView.swift */,
				E674366C1C13D0BBB8CCC2B2 /* Info.plist */,
				59A80CE9867E891B09A3F0E5 /* QALaunchFlag.swift */,
				8164AC90317469202817676F /* SettlersApp.swift */,
				20950E57920F7E96A1DFB2F1 /* Signing.local.xcconfig */,
				EED095DCE8ECB10CAA5F77E5 /* Signing.xcconfig */,
				25B5E3DBBCE1D49A3ECAD4F0 /* Models */,
				DDD30CC330747A1D1304A1D7 /* Persistence */,
				762EEF4DF7BAA1974F17A886 /* Testing */,
				7A3FE361B8B55261C4EC9E28 /* Theme */,
				F945F379356F07CFAEAEED14 /* ViewModels */,
				B0748839A83B816591CA6267 /* Views */,
			);
			path = Settlers;
			sourceTree = "<group>";
		};
		25B5E3DBBCE1D49A3ECAD4F0 /* Models */ = {
			isa = PBXGroup;
			children = (
				85B6069622A8A50F3F60184A /* OpponentProfile.swift */,
			);
			path = Models;
			sourceTree = "<group>";
		};
		762EEF4DF7BAA1974F17A886 /* Testing */ = {
			isa = PBXGroup;
			children = (
				2FA5615D7AB20666AEB04B43 /* AccessibilityID.swift */,
				C1BD3E13799BE187AEB0F4E6 /* CheckpointProcessProbe.swift */,
				7E281605A981DE27D853BE66 /* GameViewModel+QATrade.swift */,
				5CF7C06392E2A4F1B15C8411 /* UITestBootstrap.swift */,
			);
			path = Testing;
			sourceTree = "<group>";
		};
		7A3FE361B8B55261C4EC9E28 /* Theme */ = {
			isa = PBXGroup;
			children = (
				4B89EE635B1E470682ED1D4B /* CatanTheme.swift */,
				C47D8E51CEBC82766DDDF936 /* Civilization.swift */,
				A3E45A27E8D8AA6CC2D8717A /* DevCardStyle.swift */,
			);
			path = Theme;
			sourceTree = "<group>";
		};
		9036B40A6E660B2A6C6DD300 /* SettlersUITests */ = {
			isa = PBXGroup;
			children = (
				95CF01E3C9518CFFC7C0AF1F /* GameplayBoundaryFlowTests.swift */,
				7A425B1FE3B37FECA7840481 /* InGameSettingsFlowTests.swift */,
				D9B3F03CB1B60C2FDB672854 /* MainMenuFlowTests.swift */,
				C267D2BD50E26FCD707474EF /* SaveRecoveryFlowTests.swift */,
			);
			path = SettlersUITests;
			sourceTree = "<group>";
		};
		B0748839A83B816591CA6267 /* Views */ = {
			isa = PBXGroup;
			children = (
				64B237C01DFEE60CA454FFCB /* BoardChips.swift */,
				DDF1F85E001A7B74407061E4 /* BuildPopupView.swift */,
				B2A0891F71DC44CCE94EEE19 /* CivilizationPickerPopup.swift */,
				6704DBBD9FA192F71D8ED7D3 /* CornerAccent.swift */,
				06E9063445AF048FF3A65C5A /* DevCardPopupView.swift */,
				64A459436E4814B4E4BE3728 /* DiscardPopupView.swift */,
				52C0B1D44B650E22AEBC8366 /* EndGameView.swift */,
				E93C9C15AFA0812F0FF8E052 /* GameLogDetailView.swift */,
				D98DF10D73632B7243DC205C /* GameLogListView.swift */,
				6F0C19DF5E22050B860A7094 /* GameView.swift */,
				773974AAADA7CAFE9AC538F0 /* GoldRowButton.swift */,
				E8250AED471D490CB43122ED /* HandoffCoverView.swift */,
				F34A579755CFBDEAF52EBB70 /* IncomingTradeCardView.swift */,
				C34E239F6C210A9578B2BF3B /* InGameSettingsView.swift */,
				27BDAD47ABBB94D7F73976E5 /* MainMenuView.swift */,
				3A2D1519676D42C401001336 /* NewGameSetupView.swift */,
				44E440B9CD11BDC249491106 /* PaintedChromeBackground.swift */,
				77BA2122016739392CF5DF22 /* PlayerHUDView.swift */,
				BF75252617AEEC3F4190D703 /* ResourceChip.swift */,
				7B3D502345F41546FE4903CE /* SeatCardView.swift */,
				8BC4427BD3E30FD0F5F9E9CC /* SettingsChrome.swift */,
				B1B782178D710BCD61E1E4ED /* SettingsView.swift */,
				AFE46EFA5240D8C313A1994C /* TopChipHeightKey.swift */,
				5DA573A3A82A8F2F109FA437 /* TradePopupView.swift */,
				B9E07877542F256DEA51B11B /* UniformActionButton.swift */,
				F6183DBFAB2A72B76407A553 /* Board */,
			);
			path = Views;
			sourceTree = "<group>";
		};
		CDA17F264B64B62FC09DBFB9 /* Products */ = {
			isa = PBXGroup;
			children = (
				B5BF359507B1F781FDA749F5 /* Settlers.app */,
				B26D9133BC8A526E79680726 /* SettlersTests.xctest */,
				D9213F426A0E166A3E30E84B /* SettlersUITests.xctest */,
			);
			name = Products;
			sourceTree = "<group>";
		};
		CECA12E5B63AC7E137DA5D26 = {
			isa = PBXGroup;
			children = (
				0587DD85B63DEDA253B6DA0E /* Packages */,
				2013A564B753C0ACAC1FC5E1 /* Settlers */,
				12298E1496C28B1DFC3AF58D /* SettlersTests */,
				9036B40A6E660B2A6C6DD300 /* SettlersUITests */,
				CDA17F264B64B62FC09DBFB9 /* Products */,
			);
			sourceTree = "<group>";
		};
		DDD30CC330747A1D1304A1D7 /* Persistence */ = {
			isa = PBXGroup;
			children = (
				C112C5D5A27EC971416706D0 /* CivilizationAssignmentStore.swift */,
				5C25923598FA6B7BCAF62C5A /* CivilizationSettingsStore.swift */,
				494D7E69889970F3FA1C24AB /* GameLogStore.swift */,
				16777953197BE2BC34CCFE6B /* GameStatsStore.swift */,
				E093DA361796607C17A17777 /* GameStore.swift */,
				34F357D5B05179379CDC1EF1 /* HumanSeatStore.swift */,
				82B3789736E74EC7C38C0C27 /* MatchCheckpointMigration.swift */,
				A91C26F52123725EF8FFF41C /* MatchCheckpointStore.swift */,
				AF68AEB9AD0DD219D7E84E99 /* MatchSetup.swift */,
				1F6B7C1967EDFFBBD8873DAC /* PacingPreferences.swift */,
				A7D42223DB45BEF77F97D3F6 /* PlayerNameStore.swift */,
				1E21004FB7C5F5948BEC71A9 /* SavedGameAvailability.swift */,
			);
			path = Persistence;
			sourceTree = "<group>";
		};
		F6183DBFAB2A72B76407A553 /* Board */ = {
			isa = PBXGroup;
			children = (
				E89E14D5D0ACBB92DF7729B3 /* BoardView.swift */,
				8E616D996C5EBA2DBFC75D9D /* CivilizationBadge.swift */,
				0AC74C3A12A7CDE5AE1B1546 /* CivilizationPieceShapes.swift */,
				7581395190BC539D01AEA19A /* HexGeometry.swift */,
				EC9BE64D33337CB59DE2D79D /* TileView.swift */,
			);
			path = Board;
			sourceTree = "<group>";
		};
		F945F379356F07CFAEAEED14 /* ViewModels */ = {
			isa = PBXGroup;
			children = (
				B0A975D333BC9759A83497B5 /* GameViewModel.swift */,
				ACBC9F02C56C7D94404C8B98 /* GameViewModel+OpponentProfiles.swift */,
				8DDA700575394DF91917C2EE /* GameViewModel+Recovery.swift */,
				68F460B80CB6CE897A077356 /* MatchPersistenceTransaction.swift */,
				D64CA86D7B5FE711AD994243 /* TradePresentationState.swift */,
			);
			path = ViewModels;
			sourceTree = "<group>";
		};
/* End PBXGroup section */

/* Begin PBXNativeTarget section */
		11AA176FC754CAF34398B2D4 /* SettlersUITests */ = {
			isa = PBXNativeTarget;
			buildConfigurationList = D99EEA598CDFD1E0AB3A540A /* Build configuration list for PBXNativeTarget "SettlersUITests" */;
			buildPhases = (
				D515413F967B24223919BA35 /* Sources */,
			);
			buildRules = (
			);
			dependencies = (
				3E1837B9919C31EA955B20C3 /* PBXTargetDependency */,
			);
			name = SettlersUITests;
			packageProductDependencies = (
			);
			productName = SettlersUITests;
			productReference = D9213F426A0E166A3E30E84B /* SettlersUITests.xctest */;
			productType = "com.apple.product-type.bundle.ui-testing";
		};
		B8C576D95C4867E2D83067BB /* SettlersTests */ = {
			isa = PBXNativeTarget;
			buildConfigurationList = 195943E5CC80015777276154 /* Build configuration list for PBXNativeTarget "SettlersTests" */;
			buildPhases = (
				653D024911D7C6DD4A2843ED /* Sources */,
				BD8EC3C2327F1E64CEF8B90C /* Resources */,
			);
			buildRules = (
			);
			dependencies = (
				17CBB3EFA7D848140CC997D8 /* PBXTargetDependency */,
			);
			name = SettlersTests;
			packageProductDependencies = (
			);
			productName = SettlersTests;
			productReference = B26D9133BC8A526E79680726 /* SettlersTests.xctest */;
			productType = "com.apple.product-type.bundle.unit-test";
		};
		E5FEB50E6F076B965B326021 /* Settlers */ = {
			isa = PBXNativeTarget;
			buildConfigurationList = 4AA299058891D141E6008699 /* Build configuration list for PBXNativeTarget "Settlers" */;
			buildPhases = (
				150CA704DFC1C36362A71C21 /* Sources */,
				2845D4438FCFA8504E5146B0 /* Resources */,
				D61E02DDF2ED7C612350E173 /* Frameworks */,
			);
			buildRules = (
			);
			dependencies = (
			);
			name = Settlers;
			packageProductDependencies = (
				EF131C34CF36EF855DAF17D0 /* CatanEngine */,
				86D26250D0551805B74D0B0B /* CatanAI */,
			);
			productName = Settlers;
			productReference = B5BF359507B1F781FDA749F5 /* Settlers.app */;
			productType = "com.apple.product-type.application";
		};
/* End PBXNativeTarget section */

/* Begin PBXProject section */
		843BBB737789D565041C43F7 /* Project object */ = {
			isa = PBXProject;
			attributes = {
				BuildIndependentTargetsInParallel = YES;
				LastUpgradeCheck = 1430;
				TargetAttributes = {
					11AA176FC754CAF34398B2D4 = {
						TestTargetID = E5FEB50E6F076B965B326021;
					};
					E5FEB50E6F076B965B326021 = {
						DevelopmentTeam = "$(SETTLERS_DEVELOPMENT_TEAM)";
						ProvisioningStyle = Automatic;
					};
				};
			};
			buildConfigurationList = FBE78AE31A4130FD5D6293C5 /* Build configuration list for PBXProject "Settlers" */;
			developmentRegion = en;
			hasScannedForEncodings = 0;
			knownRegions = (
				Base,
				en,
			);
			mainGroup = CECA12E5B63AC7E137DA5D26;
			minimizedProjectReferenceProxies = 1;
			packageReferences = (
				79295BA541DA23B55DDD70A2 /* XCLocalSwiftPackageReference "Packages/CatanAI" */,
				A7BC5D58624CFA7690F42A67 /* XCLocalSwiftPackageReference "Packages/CatanEngine" */,
			);
			preferredProjectObjectVersion = 77;
			productRefGroup = CDA17F264B64B62FC09DBFB9 /* Products */;
			projectDirPath = "";
			projectRoot = "";
			targets = (
				E5FEB50E6F076B965B326021 /* Settlers */,
				B8C576D95C4867E2D83067BB /* SettlersTests */,
				11AA176FC754CAF34398B2D4 /* SettlersUITests */,
			);
		};
/* End PBXProject section */

/* Begin PBXResourcesBuildPhase section */
		2845D4438FCFA8504E5146B0 /* Resources */ = {
			isa = PBXResourcesBuildPhase;
			buildActionMask = 2147483647;
			files = (
				5754F9C1356C779A5553C1BD /* Assets.xcassets in Resources */,
			);
			runOnlyForDeploymentPostprocessing = 0;
		};
		BD8EC3C2327F1E64CEF8B90C /* Resources */ = {
			isa = PBXResourcesBuildPhase;
			buildActionMask = 2147483647;
			files = (
				AA96483ED82E09AF4488D6CB /* .swiftlint.yml in Resources */,
			);
			runOnlyForDeploymentPostprocessing = 0;
		};
/* End PBXResourcesBuildPhase section */

/* Begin PBXSourcesBuildPhase section */
		150CA704DFC1C36362A71C21 /* Sources */ = {
			isa = PBXSourcesBuildPhase;
			buildActionMask = 2147483647;
			files = (
				83C2D6F2A6B7F67093D579CB /* AccessibilityID.swift in Sources */,
				17B209D17F882202517AC5D8 /* BoardChips.swift in Sources */,
				687BD8586D01E4597A1C7A32 /* BoardView.swift in Sources */,
				BD0B5D0BC26E3BE5C8A462FD /* BuildPopupView.swift in Sources */,
				3B62B3E810E58200F2983839 /* CatanTheme.swift in Sources */,
				2C2BEEF3E6CDB8BA9E3DCD3B /* CheckpointProcessProbe.swift in Sources */,
				DBA70E71EA1FD506BEBF2C4A /* Civilization.swift in Sources */,
				2CC361595DA16ED4B8153B23 /* CivilizationAssignmentStore.swift in Sources */,
				82F087D94201BDEDFBBB4BA8 /* CivilizationBadge.swift in Sources */,
				98B3554C6CC7406230B6569A /* CivilizationPickerPopup.swift in Sources */,
				717C7599DB05DB7CF59E852F /* CivilizationPieceShapes.swift in Sources */,
				38C27CDC3380AB32A2AA53C6 /* CivilizationSettingsStore.swift in Sources */,
				C8EBD90EAF2F47466F8B5A2C /* ContentView.swift in Sources */,
				7BDC46C7A08FF9DD3B032B36 /* CornerAccent.swift in Sources */,
				998F740F246A9D43D5465A2E /* DevCardPopupView.swift in Sources */,
				3DB00133F0A18C5A4E8710E7 /* DevCardStyle.swift in Sources */,
				2963FFF4A45E734FACE3E93A /* DiscardPopupView.swift in Sources */,
				1CE9F2891BE97F0B0CC630BB /* EndGameView.swift in Sources */,
				FF9AA750533D6758843BC13D /* GameLogDetailView.swift in Sources */,
				ED932E191F8F655CD1CF15F1 /* GameLogListView.swift in Sources */,
				4B7A4365E5DA00917A7E06FF /* GameLogStore.swift in Sources */,
				D16CC8C90FB7F755636F3397 /* GameStatsStore.swift in Sources */,
				6BE4D5162E62A51ADA6A2599 /* GameStore.swift in Sources */,
				82772E4A5ECBA817A966B46B /* GameView.swift in Sources */,
				98BA6BD782CD84C83F73A13D /* GameViewModel+OpponentProfiles.swift in Sources */,
				F196BA189817672BCD58FBA7 /* GameViewModel+QATrade.swift in Sources */,
				3F438AED3E4BED126FEC2153 /* GameViewModel+Recovery.swift in Sources */,
				076DBD0E74CFC2372A8A8AA9 /* GameViewModel.swift in Sources */,
				73E0287081669C06B076C233 /* GoldRowButton.swift in Sources */,
				4EAF11010AEF6B6B6C568A37 /* HandoffCoverView.swift in Sources */,
				AF899EB36C3533A4C9F0472D /* HexGeometry.swift in Sources */,
				4DF1B0D807C52C188BCD9DC8 /* HumanSeatStore.swift in Sources */,
				49B07B4241AC2D9627186F1A /* InGameSettingsView.swift in Sources */,
				7678F2D966C6DDD39D673266 /* IncomingTradeCardView.swift in Sources */,
				71E36B2F286888830989FBC7 /* MainMenuView.swift in Sources */,
				6798387887C595D067060FFD /* MatchCheckpointMigration.swift in Sources */,
				59EC0F6616F1257C0CD7A951 /* MatchCheckpointStore.swift in Sources */,
				AFE5AF1DD01C4ED5F64A92D5 /* MatchPersistenceTransaction.swift in Sources */,
				35341D68F2859E467628A0CC /* MatchSetup.swift in Sources */,
				6550ED481CBA2A0062722CCD /* NewGameSetupView.swift in Sources */,
				01EF8804262A950A081F1E65 /* OpponentProfile.swift in Sources */,
				57EA5B6AC6CBD8DF633CAEC0 /* PacingPreferences.swift in Sources */,
				5FD5B98FFB1669F9BE80F1DC /* PaintedChromeBackground.swift in Sources */,
				88CF824C3335F34CF54E08E2 /* PlayerHUDView.swift in Sources */,
				1B2E8933650EFB5E3A65F60D /* PlayerNameStore.swift in Sources */,
				EA3F8948081A29B415CD8B67 /* QALaunchFlag.swift in Sources */,
				982B80C1DDE6B39264765604 /* ResourceChip.swift in Sources */,
				08572217A242A44981A040EB /* SavedGameAvailability.swift in Sources */,
				A0509BA422B4A4CCC2E73976 /* SeatCardView.swift in Sources */,
				895E3168C84B21B63AD67E4E /* SettingsChrome.swift in Sources */,
				AA5F82F23D1E9E98AC20C58E /* SettingsView.swift in Sources */,
				B6FC9BE50ABFF3D68CF98B29 /* SettlersApp.swift in Sources */,
				0BBF451A08F935DC2BB22743 /* TileView.swift in Sources */,
				9C6AB72E4AC52714E00EDD3A /* TopChipHeightKey.swift in Sources */,
				CB58570AE806ACE6BFC462C1 /* TradePopupView.swift in Sources */,
				E943B06519C318DFE4BD613E /* TradePresentationState.swift in Sources */,
				E47E806640E19E4105F9FEDF /* UITestBootstrap.swift in Sources */,
				9BAEB85A2B5C4ABDD88D14F3 /* UniformActionButton.swift in Sources */,
			);
			runOnlyForDeploymentPostprocessing = 0;
		};
		653D024911D7C6DD4A2843ED /* Sources */ = {
			isa = PBXSourcesBuildPhase;
			buildActionMask = 2147483647;
			files = (
				6FB745378D21899B29284FC8 /* AppSettingsTests.swift in Sources */,
				E3A6D0C733055C91F0E356FE /* BoardFitTests.swift in Sources */,
				0C001867D26CBDBAA67CDC72 /* BoardLayeringTests.swift in Sources */,
				2351A47641190EB4F53F128E /* CheckpointMigrationTests.swift in Sources */,
				232A932B1BF064663A7161C3 /* CivilizationMappingTests.swift in Sources */,
				243CAFAAB0A24DF9C30ABFF7 /* CompleteMatchTests.swift in Sources */,
				1D2F66F3FE62DEFCBDD373E2 /* GameLogStoreTests.swift in Sources */,
				A61AF82693BF86DFF2883096 /* HotSeatTests.swift in Sources */,
				DC62266DFBF7B3987969DA87 /* IncomingOfferHoldTests.swift in Sources */,
				C834783EE1638B259EFA3035 /* MatchCheckpointStoreTests.swift in Sources */,
				026232B4459AF297E5949F67 /* NewGameEndToEndTests.swift in Sources */,
				698F2E8917D7405D7AAC8061 /* NewGameSetupTests.swift in Sources */,
				FA9E6540100EF009A969A54A /* OpponentProfileIntegrationTests.swift in Sources */,
				0F1C7F5ED5E32E95D4FDE581 /* OpponentProfileTests.swift in Sources */,
				9D2C2CFA8309AE51A7322BB1 /* PacingPreferencesTests.swift in Sources */,
				8F8382E69A373BB264240262 /* PersistenceTests.swift in Sources */,
				58CF19E0BF339B5D32B7D233 /* PreMergeAuditRegressionTests.swift in Sources */,
				434C2E6A7C5F23148D5810A7 /* SaveRecoveryTests.swift in Sources */,
			);
			runOnlyForDeploymentPostprocessing = 0;
		};
		D515413F967B24223919BA35 /* Sources */ = {
			isa = PBXSourcesBuildPhase;
			buildActionMask = 2147483647;
			files = (
				EDDC6F3EE75F97F9C0A3A1CA /* GameplayBoundaryFlowTests.swift in Sources */,
				2D421855CBD3F4FB9CC6B077 /* InGameSettingsFlowTests.swift in Sources */,
				6E9E65ED3AD9879E2B45C6D6 /* MainMenuFlowTests.swift in Sources */,
				BC78EDCB2E4661BF7A5AA715 /* SaveRecoveryFlowTests.swift in Sources */,
			);
			runOnlyForDeploymentPostprocessing = 0;
		};
/* End PBXSourcesBuildPhase section */

/* Begin PBXTargetDependency section */
		17CBB3EFA7D848140CC997D8 /* PBXTargetDependency */ = {
			isa = PBXTargetDependency;
			target = E5FEB50E6F076B965B326021 /* Settlers */;
			targetProxy = 921CF9C5D2AF27EDFA736694 /* PBXContainerItemProxy */;
		};
		3E1837B9919C31EA955B20C3 /* PBXTargetDependency */ = {
			isa = PBXTargetDependency;
			target = E5FEB50E6F076B965B326021 /* Settlers */;
			targetProxy = 6B990E129414C2E5A688580D /* PBXContainerItemProxy */;
		};
/* End PBXTargetDependency section */

/* Begin XCBuildConfiguration section */
		03939EB8812F6FC65482C8A2 /* Debug */ = {
			isa = XCBuildConfiguration;
			buildSettings = {
				ALWAYS_SEARCH_USER_PATHS = NO;
				CLANG_ANALYZER_NONNULL = YES;
				CLANG_ANALYZER_NUMBER_OBJECT_CONVERSION = YES_AGGRESSIVE;
				CLANG_CXX_LANGUAGE_STANDARD = "gnu++14";
				CLANG_CXX_LIBRARY = "libc++";
				CLANG_ENABLE_MODULES = YES;
				CLANG_ENABLE_OBJC_ARC = YES;
				CLANG_ENABLE_OBJC_WEAK = YES;
				CLANG_WARN_BLOCK_CAPTURE_AUTORELEASING = YES;
				CLANG_WARN_BOOL_CONVERSION = YES;
				CLANG_WARN_COMMA = YES;
				CLANG_WARN_CONSTANT_CONVERSION = YES;
				CLANG_WARN_DEPRECATED_OBJC_IMPLEMENTATIONS = YES;
				CLANG_WARN_DIRECT_OBJC_ISA_USAGE = YES_ERROR;
				CLANG_WARN_DOCUMENTATION_COMMENTS = YES;
				CLANG_WARN_EMPTY_BODY = YES;
				CLANG_WARN_ENUM_CONVERSION = YES;
				CLANG_WARN_INFINITE_RECURSION = YES;
				CLANG_WARN_INT_CONVERSION = YES;
				CLANG_WARN_NON_LITERAL_NULL_CONVERSION = YES;
				CLANG_WARN_OBJC_IMPLICIT_RETAIN_SELF = YES;
				CLANG_WARN_OBJC_LITERAL_CONVERSION = YES;
				CLANG_WARN_OBJC_ROOT_CLASS = YES_ERROR;
				CLANG_WARN_QUOTED_INCLUDE_IN_FRAMEWORK_HEADER = YES;
				CLANG_WARN_RANGE_LOOP_ANALYSIS = YES;
				CLANG_WARN_STRICT_PROTOTYPES = YES;
				CLANG_WARN_SUSPICIOUS_MOVE = YES;
				CLANG_WARN_UNGUARDED_AVAILABILITY = YES_AGGRESSIVE;
				CLANG_WARN_UNREACHABLE_CODE = YES;
				CLANG_WARN__DUPLICATE_METHOD_MATCH = YES;
				COPY_PHASE_STRIP = NO;
				DEBUG_INFORMATION_FORMAT = dwarf;
				ENABLE_STRICT_OBJC_MSGSEND = YES;
				ENABLE_TESTABILITY = YES;
				GCC_C_LANGUAGE_STANDARD = gnu11;
				GCC_DYNAMIC_NO_PIC = NO;
				GCC_NO_COMMON_BLOCKS = YES;
				GCC_OPTIMIZATION_LEVEL = 0;
				GCC_PREPROCESSOR_DEFINITIONS = (
					"$(inherited)",
					"DEBUG=1",
				);
				GCC_WARN_64_TO_32_BIT_CONVERSION = YES;
				GCC_WARN_ABOUT_RETURN_TYPE = YES_ERROR;
				GCC_WARN_UNDECLARED_SELECTOR = YES;
				GCC_WARN_UNINITIALIZED_AUTOS = YES_AGGRESSIVE;
				GCC_WARN_UNUSED_FUNCTION = YES;
				GCC_WARN_UNUSED_VARIABLE = YES;
				IPHONEOS_DEPLOYMENT_TARGET = 17.0;
				MTL_ENABLE_DEBUG_INFO = INCLUDE_SOURCE;
				MTL_FAST_MATH = YES;
				ONLY_ACTIVE_ARCH = YES;
				PRODUCT_NAME = "$(TARGET_NAME)";
				SDKROOT = iphoneos;
				SWIFT_ACTIVE_COMPILATION_CONDITIONS = DEBUG;
				SWIFT_OPTIMIZATION_LEVEL = "-Onone";
				SWIFT_VERSION = 5.0;
			};
			name = Debug;
		};
		18A6000995828825C985E9E3 /* Debug */ = {
			isa = XCBuildConfiguration;
			buildSettings = {
				BUNDLE_LOADER = "$(TEST_HOST)";
				GENERATE_INFOPLIST_FILE = YES;
				LD_RUNPATH_SEARCH_PATHS = (
					"$(inherited)",
					"@executable_path/Frameworks",
					"@loader_path/Frameworks",
				);
				PRODUCT_BUNDLE_IDENTIFIER = com.jakebeinart.settlers.SettlersTests;
				SDKROOT = iphoneos;
				SWIFT_TREAT_WARNINGS_AS_ERRORS = YES;
				SWIFT_VERSION = 6.0;
				TARGETED_DEVICE_FAMILY = "1,2";
				TEST_HOST = "$(BUILT_PRODUCTS_DIR)/Settlers.app/Settlers";
			};
			name = Debug;
		};
		1A7EEF49BEC0ECF47906A8BA /* Release */ = {
			isa = XCBuildConfiguration;
			buildSettings = {
				ALWAYS_SEARCH_USER_PATHS = NO;
				CLANG_ANALYZER_NONNULL = YES;
				CLANG_ANALYZER_NUMBER_OBJECT_CONVERSION = YES_AGGRESSIVE;
				CLANG_CXX_LANGUAGE_STANDARD = "gnu++14";
				CLANG_CXX_LIBRARY = "libc++";
				CLANG_ENABLE_MODULES = YES;
				CLANG_ENABLE_OBJC_ARC = YES;
				CLANG_ENABLE_OBJC_WEAK = YES;
				CLANG_WARN_BLOCK_CAPTURE_AUTORELEASING = YES;
				CLANG_WARN_BOOL_CONVERSION = YES;
				CLANG_WARN_COMMA = YES;
				CLANG_WARN_CONSTANT_CONVERSION = YES;
				CLANG_WARN_DEPRECATED_OBJC_IMPLEMENTATIONS = YES;
				CLANG_WARN_DIRECT_OBJC_ISA_USAGE = YES_ERROR;
				CLANG_WARN_DOCUMENTATION_COMMENTS = YES;
				CLANG_WARN_EMPTY_BODY = YES;
				CLANG_WARN_ENUM_CONVERSION = YES;
				CLANG_WARN_INFINITE_RECURSION = YES;
				CLANG_WARN_INT_CONVERSION = YES;
				CLANG_WARN_NON_LITERAL_NULL_CONVERSION = YES;
				CLANG_WARN_OBJC_IMPLICIT_RETAIN_SELF = YES;
				CLANG_WARN_OBJC_LITERAL_CONVERSION = YES;
				CLANG_WARN_OBJC_ROOT_CLASS = YES_ERROR;
				CLANG_WARN_QUOTED_INCLUDE_IN_FRAMEWORK_HEADER = YES;
				CLANG_WARN_RANGE_LOOP_ANALYSIS = YES;
				CLANG_WARN_STRICT_PROTOTYPES = YES;
				CLANG_WARN_SUSPICIOUS_MOVE = YES;
				CLANG_WARN_UNGUARDED_AVAILABILITY = YES_AGGRESSIVE;
				CLANG_WARN_UNREACHABLE_CODE = YES;
				CLANG_WARN__DUPLICATE_METHOD_MATCH = YES;
				COPY_PHASE_STRIP = NO;
				DEBUG_INFORMATION_FORMAT = "dwarf-with-dsym";
				ENABLE_NS_ASSERTIONS = NO;
				ENABLE_STRICT_OBJC_MSGSEND = YES;
				GCC_C_LANGUAGE_STANDARD = gnu11;
				GCC_NO_COMMON_BLOCKS = YES;
				GCC_WARN_64_TO_32_BIT_CONVERSION = YES;
				GCC_WARN_ABOUT_RETURN_TYPE = YES_ERROR;
				GCC_WARN_UNDECLARED_SELECTOR = YES;
				GCC_WARN_UNINITIALIZED_AUTOS = YES_AGGRESSIVE;
				GCC_WARN_UNUSED_FUNCTION = YES;
				GCC_WARN_UNUSED_VARIABLE = YES;
				IPHONEOS_DEPLOYMENT_TARGET = 17.0;
				MTL_ENABLE_DEBUG_INFO = NO;
				MTL_FAST_MATH = YES;
				PRODUCT_NAME = "$(TARGET_NAME)";
				SDKROOT = iphoneos;
				SWIFT_COMPILATION_MODE = wholemodule;
				SWIFT_OPTIMIZATION_LEVEL = "-O";
				SWIFT_VERSION = 5.0;
			};
			name = Release;
		};
		72BD1DB00623EEDA3900519B /* Debug */ = {
			isa = XCBuildConfiguration;
			baseConfigurationReference = EED095DCE8ECB10CAA5F77E5 /* Signing.xcconfig */;
			buildSettings = {
				ASSETCATALOG_COMPILER_APPICON_NAME = AppIcon;
				CODE_SIGN_IDENTITY = "iPhone Developer";
				CODE_SIGN_STYLE = Automatic;
				CURRENT_PROJECT_VERSION = 1;
				DEVELOPMENT_TEAM = "$(SETTLERS_DEVELOPMENT_TEAM)";
				GCC_TREAT_WARNINGS_AS_ERRORS = YES;
				INFOPLIST_FILE = Settlers/Info.plist;
				LD_RUNPATH_SEARCH_PATHS = (
					"$(inherited)",
					"@executable_path/Frameworks",
				);
				MARKETING_VERSION = 1.0;
				PRODUCT_BUNDLE_IDENTIFIER = "$(SETTLERS_BUNDLE_ID)";
				SDKROOT = iphoneos;
				SUPPORTS_MACCATALYST = NO;
				SWIFT_TREAT_WARNINGS_AS_ERRORS = YES;
				SWIFT_VERSION = 6.0;
				TARGETED_DEVICE_FAMILY = 1;
			};
			name = Debug;
		};
		9A65CD5072B90AED974B8A40 /* Release */ = {
			isa = XCBuildConfiguration;
			baseConfigurationReference = EED095DCE8ECB10CAA5F77E5 /* Signing.xcconfig */;
			buildSettings = {
				ASSETCATALOG_COMPILER_APPICON_NAME = AppIcon;
				CODE_SIGN_IDENTITY = "iPhone Developer";
				CODE_SIGN_STYLE = Automatic;
				CURRENT_PROJECT_VERSION = 1;
				DEVELOPMENT_TEAM = "$(SETTLERS_DEVELOPMENT_TEAM)";
				GCC_TREAT_WARNINGS_AS_ERRORS = YES;
				INFOPLIST_FILE = Settlers/Info.plist;
				LD_RUNPATH_SEARCH_PATHS = (
					"$(inherited)",
					"@executable_path/Frameworks",
				);
				MARKETING_VERSION = 1.0;
				PRODUCT_BUNDLE_IDENTIFIER = "$(SETTLERS_BUNDLE_ID)";
				SDKROOT = iphoneos;
				SUPPORTS_MACCATALYST = NO;
				SWIFT_TREAT_WARNINGS_AS_ERRORS = YES;
				SWIFT_VERSION = 6.0;
				TARGETED_DEVICE_FAMILY = 1;
			};
			name = Release;
		};
		A313A28200B2EBB7E27D5553 /* Debug */ = {
			isa = XCBuildConfiguration;
			buildSettings = {
				BUNDLE_LOADER = "$(TEST_HOST)";
				GENERATE_INFOPLIST_FILE = YES;
				LD_RUNPATH_SEARCH_PATHS = (
					"$(inherited)",
					"@executable_path/Frameworks",
					"@loader_path/Frameworks",
				);
				PRODUCT_BUNDLE_IDENTIFIER = com.jakebeinart.settlers.SettlersUITests;
				SDKROOT = iphoneos;
				SWIFT_TREAT_WARNINGS_AS_ERRORS = YES;
				SWIFT_VERSION = 6.0;
				TARGETED_DEVICE_FAMILY = "1,2";
				TEST_TARGET_NAME = Settlers;
			};
			name = Debug;
		};
		BA04B3E6F00ED4D59889EFF2 /* Release */ = {
			isa = XCBuildConfiguration;
			buildSettings = {
				BUNDLE_LOADER = "$(TEST_HOST)";
				GENERATE_INFOPLIST_FILE = YES;
				LD_RUNPATH_SEARCH_PATHS = (
					"$(inherited)",
					"@executable_path/Frameworks",
					"@loader_path/Frameworks",
				);
				PRODUCT_BUNDLE_IDENTIFIER = com.jakebeinart.settlers.SettlersUITests;
				SDKROOT = iphoneos;
				SWIFT_TREAT_WARNINGS_AS_ERRORS = YES;
				SWIFT_VERSION = 6.0;
				TARGETED_DEVICE_FAMILY = "1,2";
				TEST_TARGET_NAME = Settlers;
			};
			name = Release;
		};
		EE997E277F51028BBA2B233D /* Release */ = {
			isa = XCBuildConfiguration;
			buildSettings = {
				BUNDLE_LOADER = "$(TEST_HOST)";
				GENERATE_INFOPLIST_FILE = YES;
				LD_RUNPATH_SEARCH_PATHS = (
					"$(inherited)",
					"@executable_path/Frameworks",
					"@loader_path/Frameworks",
				);
				PRODUCT_BUNDLE_IDENTIFIER = com.jakebeinart.settlers.SettlersTests;
				SDKROOT = iphoneos;
				SWIFT_TREAT_WARNINGS_AS_ERRORS = YES;
				SWIFT_VERSION = 6.0;
				TARGETED_DEVICE_FAMILY = "1,2";
				TEST_HOST = "$(BUILT_PRODUCTS_DIR)/Settlers.app/Settlers";
			};
			name = Release;
		};
/* End XCBuildConfiguration section */

/* Begin XCConfigurationList section */
		195943E5CC80015777276154 /* Build configuration list for PBXNativeTarget "SettlersTests" */ = {
			isa = XCConfigurationList;
			buildConfigurations = (
				18A6000995828825C985E9E3 /* Debug */,
				EE997E277F51028BBA2B233D /* Release */,
			);
			defaultConfigurationIsVisible = 0;
			defaultConfigurationName = Debug;
		};
		4AA299058891D141E6008699 /* Build configuration list for PBXNativeTarget "Settlers" */ = {
			isa = XCConfigurationList;
			buildConfigurations = (
				72BD1DB00623EEDA3900519B /* Debug */,
				9A65CD5072B90AED974B8A40 /* Release */,
			);
			defaultConfigurationIsVisible = 0;
			defaultConfigurationName = Debug;
		};
		D99EEA598CDFD1E0AB3A540A /* Build configuration list for PBXNativeTarget "SettlersUITests" */ = {
			isa = XCConfigurationList;
			buildConfigurations = (
				A313A28200B2EBB7E27D5553 /* Debug */,
				BA04B3E6F00ED4D59889EFF2 /* Release */,
			);
			defaultConfigurationIsVisible = 0;
			defaultConfigurationName = Debug;
		};
		FBE78AE31A4130FD5D6293C5 /* Build configuration list for PBXProject "Settlers" */ = {
			isa = XCConfigurationList;
			buildConfigurations = (
				03939EB8812F6FC65482C8A2 /* Debug */,
				1A7EEF49BEC0ECF47906A8BA /* Release */,
			);
			defaultConfigurationIsVisible = 0;
			defaultConfigurationName = Debug;
		};
/* End XCConfigurationList section */

/* Begin XCLocalSwiftPackageReference section */
		79295BA541DA23B55DDD70A2 /* XCLocalSwiftPackageReference "Packages/CatanAI" */ = {
			isa = XCLocalSwiftPackageReference;
			relativePath = Packages/CatanAI;
		};
		A7BC5D58624CFA7690F42A67 /* XCLocalSwiftPackageReference "Packages/CatanEngine" */ = {
			isa = XCLocalSwiftPackageReference;
			relativePath = Packages/CatanEngine;
		};
/* End XCLocalSwiftPackageReference section */

/* Begin XCSwiftPackageProductDependency section */
		86D26250D0551805B74D0B0B /* CatanAI */ = {
			isa = XCSwiftPackageProductDependency;
			productName = CatanAI;
		};
		EF131C34CF36EF855DAF17D0 /* CatanEngine */ = {
			isa = XCSwiftPackageProductDependency;
			productName = CatanEngine;
		};
/* End XCSwiftPackageProductDependency section */
	};
	rootObject = 843BBB737789D565041C43F7 /* Project object */;
}
